# THIS IS AN AUTOGENERATED FILE. DO NOT EDIT THIS FILE DIRECTLY.
# yarn lockfile v1


dom7@^4.0.6:
  version "4.0.6"
  resolved "https://registry.yarnpkg.com/dom7/-/dom7-4.0.6.tgz#091a51621d7a19ce0fb86045cafb3c10035e97ed"
  integrity sha512-emjdpPLhpNubapLFdjNL9tP06Sr+GZkrIHEXLWvOGsytACUrkbeIdjO5g77m00BrHTznnlcNqgmn7pCN192TBA==
  dependencies:
    ssr-window "^4.0.0"

framework7-icons@^5.0.5:
  version "5.0.5"
  resolved "https://registry.yarnpkg.com/framework7-icons/-/framework7-icons-5.0.5.tgz#a067709755054c69c22318de94c92bca40f3a908"
  integrity sha512-bvHMLyujV9TFuudehd3ORZ/EvNp19Ir3ckVzYAOf3MkLymHba/9oHLsgopCh0x5UsrYZUpkrE+fd7ggj5y4wRw==

framework7@^8.3.3:
  version "8.3.3"
  resolved "https://registry.yarnpkg.com/framework7/-/framework7-8.3.3.tgz#7df24595d2510e7925b6a02b28244a8850d45e7b"
  integrity sha512-CU5NuTuLtmEIzbJGHMlImXTuRdxcs4b7qej1qPECo87M831oEc5CwMrJZLNrHUwqm7++SHHUWf6HHBGO69BwFA==
  dependencies:
    dom7 "^4.0.6"
    htm "^3.1.1"
    path-to-regexp "^6.2.0"
    skeleton-elements "^4.0.1"
    ssr-window "^4.0.2"
    swiper "^10.2.0"

htm@^3.1.1:
  version "3.1.1"
  resolved "https://registry.yarnpkg.com/htm/-/htm-3.1.1.tgz#49266582be0dc66ed2235d5ea892307cc0c24b78"
  integrity sha512-983Vyg8NwUE7JkZ6NmOqpCZ+sh1bKv2iYTlUkzlWmA5JD2acKoxd4KVxbMmxX/85mtfdnDmTFoNKcg5DGAvxNQ==

path-to-regexp@^6.2.0:
  version "6.2.2"
  resolved "https://registry.yarnpkg.com/path-to-regexp/-/path-to-regexp-6.2.2.tgz#324377a83e5049cbecadc5554d6a63a9a4866b36"
  integrity sha512-GQX3SSMokngb36+whdpRXE+3f9V8UzyAorlYvOGx87ufGHehNTn5lCxrKtLyZ4Yl/wEKnNnr98ZzOwwDZV5ogw==

skeleton-elements@^4.0.1:
  version "4.0.1"
  resolved "https://registry.yarnpkg.com/skeleton-elements/-/skeleton-elements-4.0.1.tgz#e9fd1b0ecf6056379c338e2d6bc33b71fb1b3555"
  integrity sha512-T7YSF/Vu/raUcM6v3HiE4VSY/OvrNflg8Dur3Zza6VVJkq4slxm4pJRpGLNhoOfblIPZLQKh1cu7ADKveyqm/Q==

ssr-window@^4.0.0, ssr-window@^4.0.2:
  version "4.0.2"
  resolved "https://registry.yarnpkg.com/ssr-window/-/ssr-window-4.0.2.tgz#dc6b3ee37be86ac0e3ddc60030f7b3bc9b8553be"
  integrity sha512-ISv/Ch+ig7SOtw7G2+qkwfVASzazUnvlDTwypdLoPoySv+6MqlOV10VwPSE6EWkGjhW50lUmghPmpYZXMu/+AQ==

swiper@^10.2.0:
  version "10.3.1"
  resolved "https://registry.yarnpkg.com/swiper/-/swiper-10.3.1.tgz#4d19d7e9d0bd184c30accf2c1b180cfe41b9f4af"
  integrity sha512-24Wk3YUdZHxjc9faID97GTu6xnLNia+adMt6qMTZG/HgdSUt4fS0REsGUXJOgpTED0Amh/j+gRGQxsLayJUlBQ==
